
Microsoft Visual Studio Solution File, Format Version 12.00
# Visual Studio Version 16
VisualStudioVersion = 16.0.28803.916
MinimumVisualStudioVersion = 10.0.40219.1
Project("{FAE04EC0-301F-11D3-BF4B-00C04F79EFBC}") = "Atividade TPA", "Atividade TPA\Atividade TPA.csproj", "{6C85D5B2-C38B-489C-B322-557C928BEF44}"
EndProject
Global
	GlobalSection(SolutionConfigurationPlatforms) = preSolution
		Debug|Any CPU = Debug|Any CPU
		Release|Any CPU = Release|Any CPU
	EndGlobalSection
	GlobalSection(ProjectConfigurationPlatforms) = postSolution
		{6C85D5B2-C38B-489C-B322-557C928BEF44}.Debug|Any CPU.ActiveCfg = Debug|Any CPU
		{6C85D5B2-C38B-489C-B322-557C928BEF44}.Debug|Any CPU.Build.0 = Debug|Any CPU
		{6C85D5B2-C38B-489C-B322-557C928BEF44}.Release|Any CPU.ActiveCfg = Release|Any CPU
		{6C85D5B2-C38B-489C-B322-557C928BEF44}.Release|Any CPU.Build.0 = Release|Any CPU
	EndGlobalSection
	GlobalSection(SolutionProperties) = preSolution
		HideSolutionNode = FALSE
	EndGlobalSection
	GlobalSection(ExtensibilityGlobals) = postSolution
		SolutionGuid = {0A536634-7D63-47A7-ACA2-5A883A396357}
	EndGlobalSection
EndGlobal
